
Microsoft Visual Studio Solution File, Format Version 12.00
# Visual Studio Version 17
VisualStudioVersion = 17.7.34024.191
MinimumVisualStudioVersion = 10.0.40219.1
Project("{FAE04EC0-301F-11D3-BF4B-00C04F79EFBC}") = "NET_CYBER_API.API", "NET_CYBER_API.API\NET_CYBER_API.API.csproj", "{D5E81E41-A04D-4CC0-ABE1-3AE8B2F010F0}"
EndProject
Project("{FAE04EC0-301F-11D3-BF4B-00C04F79EFBC}") = "NET_CYBER_API.BLL", "NET_CYBER_API.BLL\NET_CYBER_API.BLL.csproj", "{CF907894-0476-4639-AE13-A274D9CC924A}"
EndProject
Project("{FAE04EC0-301F-11D3-BF4B-00C04F79EFBC}") = "NET_CYBER_API.DAL", "NET_CYBER_API.DAL\NET_CYBER_API.DAL.csproj", "{5F5211F2-3F5D-4C8A-93A0-25252AD26EB3}"
EndProject
Project("{FAE04EC0-301F-11D3-BF4B-00C04F79EFBC}") = "NET_CYBER_API.Domain", "NET_CYBER_API.Domain\NET_CYBER_API.Domain.csproj", "{135F5BA8-7E74-41AC-A76C-F63DB717BD69}"
EndProject
Global
	GlobalSection(SolutionConfigurationPlatforms) = preSolution
		Debug|Any CPU = Debug|Any CPU
		Release|Any CPU = Release|Any CPU
	EndGlobalSection
	GlobalSection(ProjectConfigurationPlatforms) = postSolution
		{D5E81E41-A04D-4CC0-ABE1-3AE8B2F010F0}.Debug|Any CPU.ActiveCfg = Debug|Any CPU
		{D5E81E41-A04D-4CC0-ABE1-3AE8B2F010F0}.Debug|Any CPU.Build.0 = Debug|Any CPU
		{D5E81E41-A04D-4CC0-ABE1-3AE8B2F010F0}.Release|Any CPU.ActiveCfg = Release|Any CPU
		{D5E81E41-A04D-4CC0-ABE1-3AE8B2F010F0}.Release|Any CPU.Build.0 = Release|Any CPU
		{CF907894-0476-4639-AE13-A274D9CC924A}.Debug|Any CPU.ActiveCfg = Debug|Any CPU
		{CF907894-0476-4639-AE13-A274D9CC924A}.Debug|Any CPU.Build.0 = Debug|Any CPU
		{CF907894-0476-4639-AE13-A274D9CC924A}.Release|Any CPU.ActiveCfg = Release|Any CPU
		{CF907894-0476-4639-AE13-A274D9CC924A}.Release|Any CPU.Build.0 = Release|Any CPU
		{5F5211F2-3F5D-4C8A-93A0-25252AD26EB3}.Debug|Any CPU.ActiveCfg = Debug|Any CPU
		{5F5211F2-3F5D-4C8A-93A0-25252AD26EB3}.Debug|Any CPU.Build.0 = Debug|Any CPU
		{5F5211F2-3F5D-4C8A-93A0-25252AD26EB3}.Release|Any CPU.ActiveCfg = Release|Any CPU
		{5F5211F2-3F5D-4C8A-93A0-25252AD26EB3}.Release|Any CPU.Build.0 = Release|Any CPU
		{135F5BA8-7E74-41AC-A76C-F63DB717BD69}.Debug|Any CPU.ActiveCfg = Debug|Any CPU
		{135F5BA8-7E74-41AC-A76C-F63DB717BD69}.Debug|Any CPU.Build.0 = Debug|Any CPU
		{135F5BA8-7E74-41AC-A76C-F63DB717BD69}.Release|Any CPU.ActiveCfg = Release|Any CPU
		{135F5BA8-7E74-41AC-A76C-F63DB717BD69}.Release|Any CPU.Build.0 = Release|Any CPU
	EndGlobalSection
	GlobalSection(SolutionProperties) = preSolution
		HideSolutionNode = FALSE
	EndGlobalSection
	GlobalSection(ExtensibilityGlobals) = postSolution
		SolutionGuid = {3C2F29BD-5189-4D9E-B78C-5DD3E53D6811}
	EndGlobalSection
EndGlobal
